
Microsoft Visual Studio Solution File, Format Version 12.00
# Visual Studio Version 16
VisualStudioVersion = 16.0.30011.22
MinimumVisualStudioVersion = 10.0.40219.1
Project("{FAE04EC0-301F-11D3-BF4B-00C04F79EFBC}") = "Task2", "SixthLab\Task2.csproj", "{787EA9CE-5100-4C86-98F7-5522F83A936F}"
EndProject
Project("{FAE04EC0-301F-11D3-BF4B-00C04F79EFBC}") = "Task1", "Task1\Task1.csproj", "{2698FC65-FBEC-4E26-946A-2ECD58D38D76}"
EndProject
Global
	GlobalSection(SolutionConfigurationPlatforms) = preSolution
		Debug|Any CPU = Debug|Any CPU
		Release|Any CPU = Release|Any CPU
	EndGlobalSection
	GlobalSection(ProjectConfigurationPlatforms) = postSolution
		{787EA9CE-5100-4C86-98F7-5522F83A936F}.Debug|Any CPU.ActiveCfg = Debug|Any CPU
		{787EA9CE-5100-4C86-98F7-5522F83A936F}.Debug|Any CPU.Build.0 = Debug|Any CPU
		{787EA9CE-5100-4C86-98F7-5522F83A936F}.Release|Any CPU.ActiveCfg = Release|Any CPU
		{787EA9CE-5100-4C86-98F7-5522F83A936F}.Release|Any CPU.Build.0 = Release|Any CPU
		{2698FC65-FBEC-4E26-946A-2ECD58D38D76}.Debug|Any CPU.ActiveCfg = Debug|Any CPU
		{2698FC65-FBEC-4E26-946A-2ECD58D38D76}.Debug|Any CPU.Build.0 = Debug|Any CPU
		{2698FC65-FBEC-4E26-946A-2ECD58D38D76}.Release|Any CPU.ActiveCfg = Release|Any CPU
		{2698FC65-FBEC-4E26-946A-2ECD58D38D76}.Release|Any CPU.Build.0 = Release|Any CPU
	EndGlobalSection
	GlobalSection(SolutionProperties) = preSolution
		HideSolutionNode = FALSE
	EndGlobalSection
	GlobalSection(ExtensibilityGlobals) = postSolution
		SolutionGuid = {5567297F-1100-4479-B918-79A669BF5232}
	EndGlobalSection
EndGlobal
